<?xml version="1.0" encoding="utf-8"?>
<Project ToolsVersion="4.0" xmlns="http://schemas.microsoft.com/developer/msbuild/2003">
  <ItemGroup>
    <ClInclude Include="src\instance_representation\inner_representation\color.hpp" />
    <ClInclude Include="src\instance_representation\csp_instance.hpp" />
    <ClInclude Include="src\instance_representation\graph.hpp" />
    <ClInclude Include="src\instance_representation\inner_representation\inner_csp_instance.hpp" />
    <ClInclude Include="src\instance_representation\inner_representation\variable.hpp" />
    <ClInclude Include="src\graph6\G6Parser.hpp" />
    <ClInclude Include="src\instance_reduction\cycle_reduction.hpp" />
    <ClInclude Include="src\instance_reduction\low_degree_reduction.hpp" />
    <ClInclude Include="src\instance_reduction\initial_reduction.hpp" />
    <ClInclude Include="src\instance_representation\color_pair.hpp" />
    <ClInclude Include="src\instance_representation\inner_representation\constraint_info.hpp" />
    <ClInclude Include="src\csp\csp_solver.hpp" />
    <ClInclude Include="src\csp\result.hpp" />
    <ClInclude Include="src\brute_force\brute_force.hpp" />
    <ClInclude Include="src\coloring\coloring.hpp" />
    <ClInclude Include="src\forests\bushy_forests.hpp" />
    <ClInclude Include="src\instance_representation\instance.hpp" />
    <ClInclude Include="src\instance_representation\rules\rule.hpp" />
    <ClInclude Include="src\instance_representation\rules\even_rule.hpp" />
    <ClInclude Include="src\instance_representation\rules\neighbour_rule.hpp" />
    <ClInclude Include="src\test\test.hpp" />
  </ItemGroup>
  <ItemGroup>
    <ClCompile Include="src\instance_representation\graph.cpp" />
    <ClCompile Include="src\instance_representation\inner_representation\inner_csp_instance.cpp" />
    <ClCompile Include="src\instance_representation\inner_representation\variable.cpp" />
    <ClCompile Include="src\main.cpp" />
    <ClCompile Include="src\instance_representation\inner_representation\color.cpp" />
    <ClCompile Include="src\graph6\G6Parser.cpp" />
    <ClCompile Include="src\instance_reduction\low_degree_reduction.cpp" />
    <ClCompile Include="src\instance_reduction\initial_reduction.cpp" />
    <ClCompile Include="src\instance_representation\inner_representation\constraint_info.cpp" />
    <ClCompile Include="src\instance_reduction\cycle_reduction.cpp" />
    <ClCompile Include="src\instance_representation\csp_instance.cpp" />
    <ClCompile Include="src\instance_representation\color_pair.cpp" />
    <ClCompile Include="src\csp\csp_solver.cpp" />
    <ClCompile Include="src\brute_force\brute_force.cpp" />
    <ClCompile Include="src\coloring\coloring.cpp" />
    <ClCompile Include="src\forests\bushy_forests.cpp" />
    <ClCompile Include="src\instance_representation\instance.cpp" />
    <ClCompile Include="src\instance_representation\rules\even_rule.cpp" />
    <ClCompile Include="src\instance_representation\rules\neighbour_rule.cpp" />
    <ClCompile Include="src\test\test.cpp" />
  </ItemGroup>
</Project>